// !$*UTF8*$!
{
	archiveVersion = 1;
	classes = {
	};
	objectVersion = 51;
	objects = {

/* Begin PBXBuildFile section */
		00AE8A7F119B2D9ABE6B2870 /* Pods_SwiftWeb3.framework in Frameworks */ = {isa = PBXBuildFile; fileRef = 320F3D1734C8346C1AF1C9D3 /* Pods_SwiftWeb3.framework */; };
		A8D8BC512347393000CB1E4D /* AppDelegate.swift in Sources */ = {isa = PBXBuildFile; fileRef = A8D8BC502347393000CB1E4D /* AppDelegate.swift */; };
		A8D8BC532347393000CB1E4D /* SceneDelegate.swift in Sources */ = {isa = PBXBuildFile; fileRef = A8D8BC522347393000CB1E4D /* SceneDelegate.swift */; };
		A8D8BC552347393000CB1E4D /* ViewController.swift in Sources */ = {isa = PBXBuildFile; fileRef = A8D8BC542347393000CB1E4D /* ViewController.swift */; };
		A8D8BC582347393000CB1E4D /* Main.storyboard in Resources */ = {isa = PBXBuildFile; fileRef = A8D8BC562347393000CB1E4D /* Main.storyboard */; };
		A8D8BC5A2347393200CB1E4D /* Assets.xcassets in Resources */ = {isa = PBXBuildFile; fileRef = A8D8BC592347393200CB1E4D /* Assets.xcassets */; };
		A8D8BC5D2347393200CB1E4D /* LaunchScreen.storyboard in Resources */ = {isa = PBXBuildFile; fileRef = A8D8BC5B2347393200CB1E4D /* LaunchScreen.storyboard */; };
		A8D8BC652347416600CB1E4D /* SimpleStorage.json in Resources */ = {isa = PBXBuildFile; fileRef = A8D8BC642347416600CB1E4D /* SimpleStorage.json */; };
/* End PBXBuildFile section */

/* Begin PBXFileReference section */
		320F3D1734C8346C1AF1C9D3 /* Pods_SwiftWeb3.framework */ = {isa = PBXFileReference; explicitFileType = wrapper.framework; includeInIndex = 0; path = Pods_SwiftWeb3.framework; sourceTree = BUILT_PRODUCTS_DIR; };
		9FB7F7E62954D032C3FC0066 /* Pods-SwiftWeb3.debug.xcconfig */ = {isa = PBXFileReference; includeInIndex = 1; lastKnownFileType = text.xcconfig; name = "Pods-SwiftWeb3.debug.xcconfig"; path = "Target Support Files/Pods-SwiftWeb3/Pods-SwiftWeb3.debug.xcconfig"; sourceTree = "<group>"; };
		A8D8BC4D2347393000CB1E4D /* SwiftWeb3.app */ = {isa = PBXFileReference; explicitFileType = wrapper.application; includeInIndex = 0; path = SwiftWeb3.app; sourceTree = BUILT_PRODUCTS_DIR; };
		A8D8BC502347393000CB1E4D /* AppDelegate.swift */ = {isa = PBXFileReference; lastKnownFileType = sourcecode.swift; path = AppDelegate.swift; sourceTree = "<group>"; };
		A8D8BC522347393000CB1E4D /* SceneDelegate.swift */ = {isa = PBXFileReference; lastKnownFileType = sourcecode.swift; path = SceneDelegate.swift; sourceTree = "<group>"; };
		A8D8BC542347393000CB1E4D /* ViewController.swift */ = {isa = PBXFileReference; lastKnownFileType = sourcecode.swift; path = ViewController.swift; sourceTree = "<group>"; };
		A8D8BC572347393000CB1E4D /* Base */ = {isa = PBXFileReference; lastKnownFileType = file.storyboard; name = Base; path = Base.lproj/Main.storyboard; sourceTree = "<group>"; };
		A8D8BC592347393200CB1E4D /* Assets.xcassets */ = {isa = PBXFileReference; lastKnownFileType = folder.assetcatalog; path = Assets.xcassets; sourceTree = "<group>"; };
		A8D8BC5C2347393200CB1E4D /* Base */ = {isa = PBXFileReference; lastKnownFileType = file.storyboard; name = Base; path = Base.lproj/LaunchScreen.storyboard; sourceTree = "<group>"; };
		A8D8BC5E2347393200CB1E4D /* Info.plist */ = {isa = PBXFileReference; lastKnownFileType = text.plist.xml; path = Info.plist; sourceTree = "<group>"; };
		A8D8BC642347416600CB1E4D /* SimpleStorage.json */ = {isa = PBXFileReference; fileEncoding = 4; lastKnownFileType = text.json; name = SimpleStorage.json; path = ../../DappsSwift/truffle/build/contracts/SimpleStorage.json; sourceTree = "<group>"; };
		C54104944A261782F4A4BB1C /* Pods-SwiftWeb3.release.xcconfig */ = {isa = PBXFileReference; includeInIndex = 1; lastKnownFileType = text.xcconfig; name = "Pods-SwiftWeb3.release.xcconfig"; path = "Target Support Files/Pods-SwiftWeb3/Pods-SwiftWeb3.release.xcconfig"; sourceTree = "<group>"; };
/* End PBXFileReference section */

/* Begin PBXFrameworksBuildPhase section */
		A8D8BC4A2347393000CB1E4D /* Frameworks */ = {
			isa = PBXFrameworksBuildPhase;
			buildActionMask = 2147483647;
			files = (
				00AE8A7F119B2D9ABE6B2870 /* Pods_SwiftWeb3.framework in Frameworks */,
			);
			runOnlyForDeploymentPostprocessing = 0;
		};
/* End PBXFrameworksBuildPhase section */

/* Begin PBXGroup section */
		63E70BC164B7AD4452CD7883 /* Frameworks */ = {
			isa = PBXGroup;
			children = (
				320F3D1734C8346C1AF1C9D3 /* Pods_SwiftWeb3.framework */,
			);
			name = Frameworks;
			sourceTree = "<group>";
		};
		A439BFC32FC0FBFA20B3E1CC /* Pods */ = {
			isa = PBXGroup;
			children = (
				9FB7F7E62954D032C3FC0066 /* Pods-SwiftWeb3.debug.xcconfig */,
				C54104944A261782F4A4BB1C /* Pods-SwiftWeb3.release.xcconfig */,
			);
			path = Pods;
			sourceTree = "<group>";
		};
		A8D8BC442347393000CB1E4D = {
			isa = PBXGroup;
			children = (
				A8D8BC4F2347393000CB1E4D /* SwiftWeb3 */,
				A8D8BC4E2347393000CB1E4D /* Products */,
				A439BFC32FC0FBFA20B3E1CC /* Pods */,
				63E70BC164B7AD4452CD7883 /* Frameworks */,
			);
			sourceTree = "<group>";
		};
		A8D8BC4E2347393000CB1E4D /* Products */ = {
			isa = PBXGroup;
			children = (
				A8D8BC4D2347393000CB1E4D /* SwiftWeb3.app */,
			);
			name = Products;
			sourceTree = "<group>";
		};
		A8D8BC4F2347393000CB1E4D /* SwiftWeb3 */ = {
			isa = PBXGroup;
			children = (
				A8D8BC502347393000CB1E4D /* AppDelegate.swift */,
				A8D8BC522347393000CB1E4D /* SceneDelegate.swift */,
				A8D8BC542347393000CB1E4D /* ViewController.swift */,
				A8D8BC642347416600CB1E4D /* SimpleStorage.json */,
				A8D8BC562347393000CB1E4D /* Main.storyboard */,
				A8D8BC592347393200CB1E4D /* Assets.xcassets */,
				A8D8BC5B2347393200CB1E4D /* LaunchScreen.storyboard */,
				A8D8BC5E2347393200CB1E4D /* Info.plist */,
			);
			path = SwiftWeb3;
			sourceTree = "<group>";
		};
/* End PBXGroup section */

/* Begin PBXNativeTarget section */
		A8D8BC4C2347393000CB1E4D /* SwiftWeb3 */ = {
			isa = PBXNativeTarget;
			buildConfigurationList = A8D8BC612347393200CB1E4D /* Build configuration list for PBXNativeTarget "SwiftWeb3" */;
			buildPhases = (
				F4F8C9EBEBA24654D047BB17 /* [CP] Check Pods Manifest.lock */,
				A8D8BC492347393000CB1E4D /* Sources */,
				A8D8BC4A2347393000CB1E4D /* Frameworks */,
				A8D8BC4B2347393000CB1E4D /* Resources */,
				982FC50FC60EE1585BE61A0A /* [CP] Embed Pods Frameworks */,
			);
			buildRules = (
			);
			dependencies = (
			);
			name = SwiftWeb3;
			productName = SwiftWeb3;
			productReference = A8D8BC4D2347393000CB1E4D /* SwiftWeb3.app */;
			productType = "com.apple.product-type.application";
		};
/* End PBXNativeTarget section */

/* Begin PBXProject section */
		A8D8BC452347393000CB1E4D /* Project object */ = {
			isa = PBXProject;
			attributes = {
				LastSwiftUpdateCheck = 1100;
				LastUpgradeCheck = 1100;
				ORGANIZATIONNAME = "Michael Laurents";
				TargetAttributes = {
					A8D8BC4C2347393000CB1E4D = {
						CreatedOnToolsVersion = 11.0;
					};
				};
			};
			buildConfigurationList = A8D8BC482347393000CB1E4D /* Build configuration list for PBXProject "SwiftWeb3" */;
			compatibilityVersion = "Xcode 9.3";
			developmentRegion = en;
			hasScannedForEncodings = 0;
			knownRegions = (
				en,
				Base,
			);
			mainGroup = A8D8BC442347393000CB1E4D;
			productRefGroup = A8D8BC4E2347393000CB1E4D /* Products */;
			projectDirPath = "";
			projectRoot = "";
			targets = (
				A8D8BC4C2347393000CB1E4D /* SwiftWeb3 */,
			);
		};
/* End PBXProject section */

/* Begin PBXResourcesBuildPhase section */
		A8D8BC4B2347393000CB1E4D /* Resources */ = {
			isa = PBXResourcesBuildPhase;
			buildActionMask = 2147483647;
			files = (
				A8D8BC5D2347393200CB1E4D /* LaunchScreen.storyboard in Resources */,
				A8D8BC652347416600CB1E4D /* SimpleStorage.json in Resources */,
				A8D8BC5A2347393200CB1E4D /* Assets.xcassets in Resources */,
				A8D8BC582347393000CB1E4D /* Main.storyboard in Resources */,
			);
			runOnlyForDeploymentPostprocessing = 0;
		};
/* End PBXResourcesBuildPhase section */

/* Begin PBXShellScriptBuildPhase section */
		982FC50FC60EE1585BE61A0A /* [CP] Embed Pods Frameworks */ = {
			isa = PBXShellScriptBuildPhase;
			buildActionMask = 2147483647;
			files = (
			);
			inputFileListPaths = (
				"${PODS_ROOT}/Target Support Files/Pods-SwiftWeb3/Pods-SwiftWeb3-frameworks-${CONFIGURATION}-input-files.xcfilelist",
			);
			name = "[CP] Embed Pods Frameworks";
			outputFileListPaths = (
				"${PODS_ROOT}/Target Support Files/Pods-SwiftWeb3/Pods-SwiftWeb3-frameworks-${CONFIGURATION}-output-files.xcfilelist",
			);
			runOnlyForDeploymentPostprocessing = 0;
			shellPath = /bin/sh;
			shellScript = "\"${PODS_ROOT}/Target Support Files/Pods-SwiftWeb3/Pods-SwiftWeb3-frameworks.sh\"\n";
			showEnvVarsInLog = 0;
		};
		F4F8C9EBEBA24654D047BB17 /* [CP] Check Pods Manifest.lock */ = {
			isa = PBXShellScriptBuildPhase;
			buildActionMask = 2147483647;
			files = (
			);
			inputFileListPaths = (
			);
			inputPaths = (
				"${PODS_PODFILE_DIR_PATH}/Podfile.lock",
				"${PODS_ROOT}/Manifest.lock",
			);
			name = "[CP] Check Pods Manifest.lock";
			outputFileListPaths = (
			);
			outputPaths = (
				"$(DERIVED_FILE_DIR)/Pods-SwiftWeb3-checkManifestLockResult.txt",
			);
			runOnlyForDeploymentPostprocessing = 0;
			shellPath = /bin/sh;
			shellScript = "diff \"${PODS_PODFILE_DIR_PATH}/Podfile.lock\" \"${PODS_ROOT}/Manifest.lock\" > /dev/null\nif [ $? != 0 ] ; then\n    # print error to STDERR\n    echo \"error: The sandbox is not in sync with the Podfile.lock. Run 'pod install' or update your CocoaPods installation.\" >&2\n    exit 1\nfi\n# This output is used by Xcode 'outputs' to avoid re-running this script phase.\necho \"SUCCESS\" > \"${SCRIPT_OUTPUT_FILE_0}\"\n";
			showEnvVarsInLog = 0;
		};
/* End PBXShellScriptBuildPhase section */

/* Begin PBXSourcesBuildPhase section */
		A8D8BC492347393000CB1E4D /* Sources */ = {
			isa = PBXSourcesBuildPhase;
			buildActionMask = 2147483647;
			files = (
				A8D8BC552347393000CB1E4D /* ViewController.swift in Sources */,
				A8D8BC512347393000CB1E4D /* AppDelegate.swift in Sources */,
				A8D8BC532347393000CB1E4D /* SceneDelegate.swift in Sources */,
			);
			runOnlyForDeploymentPostprocessing = 0;
		};
/* End PBXSourcesBuildPhase section */

/* Begin PBXVariantGroup section */
		A8D8BC562347393000CB1E4D /* Main.storyboard */ = {
			isa = PBXVariantGroup;
			children = (
				A8D8BC572347393000CB1E4D /* Base */,
			);
			name = Main.storyboard;
			sourceTree = "<group>";
		};
		A8D8BC5B2347393200CB1E4D /* LaunchScreen.storyboard */ = {
			isa = PBXVariantGroup;
			children = (
				A8D8BC5C2347393200CB1E4D /* Base */,
			);
			name = LaunchScreen.storyboard;
			sourceTree = "<group>";
		};
/* End PBXVariantGroup section */

/* Begin XCBuildConfiguration section */
		A8D8BC5F2347393200CB1E4D /* Debug */ = {
			isa = XCBuildConfiguration;
			buildSettings = {
				ALWAYS_SEARCH_USER_PATHS = NO;
				CLANG_ANALYZER_NONNULL = YES;
				CLANG_ANALYZER_NUMBER_OBJECT_CONVERSION = YES_AGGRESSIVE;
				CLANG_CXX_LANGUAGE_STANDARD = "gnu++14";
				CLANG_CXX_LIBRARY = "libc++";
				CLANG_ENABLE_MODULES = YES;
				CLANG_ENABLE_OBJC_ARC = YES;
				CLANG_ENABLE_OBJC_WEAK = YES;
				CLANG_WARN_BLOCK_CAPTURE_AUTORELEASING = YES;
				CLANG_WARN_BOOL_CONVERSION = YES;
				CLANG_WARN_COMMA = YES;
				CLANG_WARN_CONSTANT_CONVERSION = YES;
				CLANG_WARN_DEPRECATED_OBJC_IMPLEMENTATIONS = YES;
				CLANG_WARN_DIRECT_OBJC_ISA_USAGE = YES_ERROR;
				CLANG_WARN_DOCUMENTATION_COMMENTS = YES;
				CLANG_WARN_EMPTY_BODY = YES;
				CLANG_WARN_ENUM_CONVERSION = YES;
				CLANG_WARN_INFINITE_RECURSION = YES;
				CLANG_WARN_INT_CONVERSION = YES;
				CLANG_WARN_NON_LITERAL_NULL_CONVERSION = YES;
				CLANG_WARN_OBJC_IMPLICIT_RETAIN_SELF = YES;
				CLANG_WARN_OBJC_LITERAL_CONVERSION = YES;
				CLANG_WARN_OBJC_ROOT_CLASS = YES_ERROR;
				CLANG_WARN_RANGE_LOOP_ANALYSIS = YES;
				CLANG_WARN_STRICT_PROTOTYPES = YES;
				CLANG_WARN_SUSPICIOUS_MOVE = YES;
				CLANG_WARN_UNGUARDED_AVAILABILITY = YES_AGGRESSIVE;
				CLANG_WARN_UNREACHABLE_CODE = YES;
				CLANG_WARN__DUPLICATE_METHOD_MATCH = YES;
				COPY_PHASE_STRIP = NO;
				DEBUG_INFORMATION_FORMAT = dwarf;
				ENABLE_STRICT_OBJC_MSGSEND = YES;
				ENABLE_TESTABILITY = YES;
				GCC_C_LANGUAGE_STANDARD = gnu11;
				GCC_DYNAMIC_NO_PIC = NO;
				GCC_NO_COMMON_BLOCKS = YES;
				GCC_OPTIMIZATION_LEVEL = 0;
				GCC_PREPROCESSOR_DEFINITIONS = (
					"DEBUG=1",
					"$(inherited)",
				);
				GCC_WARN_64_TO_32_BIT_CONVERSION = YES;
				GCC_WARN_ABOUT_RETURN_TYPE = YES_ERROR;
				GCC_WARN_UNDECLARED_SELECTOR = YES;
				GCC_WARN_UNINITIALIZED_AUTOS = YES_AGGRESSIVE;
				GCC_WARN_UNUSED_FUNCTION = YES;
				GCC_WARN_UNUSED_VARIABLE = YES;
				IPHONEOS_DEPLOYMENT_TARGET = 13.0;
				MTL_ENABLE_DEBUG_INFO = INCLUDE_SOURCE;
				MTL_FAST_MATH = YES;
				ONLY_ACTIVE_ARCH = YES;
				SDKROOT = iphoneos;
				SWIFT_ACTIVE_COMPILATION_CONDITIONS = DEBUG;
				SWIFT_OPTIMIZATION_LEVEL = "-Onone";
			};
			name = Debug;
		};
		A8D8BC602347393200CB1E4D /* Release */ = {
			isa = XCBuildConfiguration;
			buildSettings = {
				ALWAYS_SEARCH_USER_PATHS = NO;
				CLANG_ANALYZER_NONNULL = YES;
				CLANG_ANALYZER_NUMBER_OBJECT_CONVERSION = YES_AGGRESSIVE;
				CLANG_CXX_LANGUAGE_STANDARD = "gnu++14";
				CLANG_CXX_LIBRARY = "libc++";
				CLANG_ENABLE_MODULES = YES;
				CLANG_ENABLE_OBJC_ARC = YES;
				CLANG_ENABLE_OBJC_WEAK = YES;
				CLANG_WARN_BLOCK_CAPTURE_AUTORELEASING = YES;
				CLANG_WARN_BOOL_CONVERSION = YES;
				CLANG_WARN_COMMA = YES;
				CLANG_WARN_CONSTANT_CONVERSION = YES;
				CLANG_WARN_DEPRECATED_OBJC_IMPLEMENTATIONS = YES;
				CLANG_WARN_DIRECT_OBJC_ISA_USAGE = YES_ERROR;
				CLANG_WARN_DOCUMENTATION_COMMENTS = YES;
				CLANG_WARN_EMPTY_BODY = YES;
				CLANG_WARN_ENUM_CONVERSION = YES;
				CLANG_WARN_INFINITE_RECURSION = YES;
				CLANG_WARN_INT_CONVERSION = YES;
				CLANG_WARN_NON_LITERAL_NULL_CONVERSION = YES;
				CLANG_WARN_OBJC_IMPLICIT_RETAIN_SELF = YES;
				CLANG_WARN_OBJC_LITERAL_CONVERSION = YES;
				CLANG_WARN_OBJC_ROOT_CLASS = YES_ERROR;
				CLANG_WARN_RANGE_LOOP_ANALYSIS = YES;
				CLANG_WARN_STRICT_PROTOTYPES = YES;
				CLANG_WARN_SUSPICIOUS_MOVE = YES;
				CLANG_WARN_UNGUARDED_AVAILABILITY = YES_AGGRESSIVE;
				CLANG_WARN_UNREACHABLE_CODE = YES;
				CLANG_WARN__DUPLICATE_METHOD_MATCH = YES;
				COPY_PHASE_STRIP = NO;
				DEBUG_INFORMATION_FORMAT = "dwarf-with-dsym";
				ENABLE_NS_ASSERTIONS = NO;
				ENABLE_STRICT_OBJC_MSGSEND = YES;
				GCC_C_LANGUAGE_STANDARD = gnu11;
				GCC_NO_COMMON_BLOCKS = YES;
				GCC_WARN_64_TO_32_BIT_CONVERSION = YES;
				GCC_WARN_ABOUT_RETURN_TYPE = YES_ERROR;
				GCC_WARN_UNDECLARED_SELECTOR = YES;
				GCC_WARN_UNINITIALIZED_AUTOS = YES_AGGRESSIVE;
				GCC_WARN_UNUSED_FUNCTION = YES;
				GCC_WARN_UNUSED_VARIABLE = YES;
				IPHONEOS_DEPLOYMENT_TARGET = 13.0;
				MTL_ENABLE_DEBUG_INFO = NO;
				MTL_FAST_MATH = YES;
				SDKROOT = iphoneos;
				SWIFT_COMPILATION_MODE = wholemodule;
				SWIFT_OPTIMIZATION_LEVEL = "-O";
				VALIDATE_PRODUCT = YES;
			};
			name = Release;
		};
		A8D8BC622347393200CB1E4D /* Debug */ = {
			isa = XCBuildConfiguration;
			baseConfigurationReference = 9FB7F7E62954D032C3FC0066 /* Pods-SwiftWeb3.debug.xcconfig */;
			buildSettings = {
				ASSETCATALOG_COMPILER_APPICON_NAME = AppIcon;
				CODE_SIGN_STYLE = Automatic;
				DEVELOPMENT_TEAM = 4S6Q6TZPQZ;
				INFOPLIST_FILE = SwiftWeb3/Info.plist;
				LD_RUNPATH_SEARCH_PATHS = (
					"$(inherited)",
					"@executable_path/Frameworks",
				);
				PRODUCT_BUNDLE_IDENTIFIER = com.michael.SwiftWeb3;
				PRODUCT_NAME = "$(TARGET_NAME)";
				SWIFT_VERSION = 5.0;
				TARGETED_DEVICE_FAMILY = "1,2";
			};
			name = Debug;
		};
		A8D8BC632347393200CB1E4D /* Release */ = {
			isa = XCBuildConfiguration;
			baseConfigurationReference = C54104944A261782F4A4BB1C /* Pods-SwiftWeb3.release.xcconfig */;
			buildSettings = {
				ASSETCATALOG_COMPILER_APPICON_NAME = AppIcon;
				CODE_SIGN_STYLE = Automatic;
				DEVELOPMENT_TEAM = 4S6Q6TZPQZ;
				INFOPLIST_FILE = SwiftWeb3/Info.plist;
				LD_RUNPATH_SEARCH_PATHS = (
					"$(inherited)",
					"@executable_path/Frameworks",
				);
				PRODUCT_BUNDLE_IDENTIFIER = com.michael.SwiftWeb3;
				PRODUCT_NAME = "$(TARGET_NAME)";
				SWIFT_VERSION = 5.0;
				TARGETED_DEVICE_FAMILY = "1,2";
			};
			name = Release;
		};
/* End XCBuildConfiguration section */

/* Begin XCConfigurationList section */
		A8D8BC482347393000CB1E4D /* Build configuration list for PBXProject "SwiftWeb3" */ = {
			isa = XCConfigurationList;
			buildConfigurations = (
				A8D8BC5F2347393200CB1E4D /* Debug */,
				A8D8BC602347393200CB1E4D /* Release */,
			);
			defaultConfigurationIsVisible = 0;
			defaultConfigurationName = Release;
		};
		A8D8BC612347393200CB1E4D /* Build configuration list for PBXNativeTarget "SwiftWeb3" */ = {
			isa = XCConfigurationList;
			buildConfigurations = (
				A8D8BC622347393200CB1E4D /* Debug */,
				A8D8BC632347393200CB1E4D /* Release */,
			);
			defaultConfigurationIsVisible = 0;
			defaultConfigurationName = Release;
		};
/* End XCConfigurationList section */
	};
	rootObject = A8D8BC452347393000CB1E4D /* Project object */;
}
