// !$*UTF8*$!
{
	archiveVersion = 1;
	classes = {
	};
	objectVersion = 50;
	objects = {

/* Begin PBXBuildFile section */
		5AF9F66E2345932C001600E1 /* AppDelegate.swift in Sources */ = {isa = PBXBuildFile; fileRef = 5AF9F66D2345932C001600E1 /* AppDelegate.swift */; };
		5AF9F6702345932C001600E1 /* SceneDelegate.swift in Sources */ = {isa = PBXBuildFile; fileRef = 5AF9F66F2345932C001600E1 /* SceneDelegate.swift */; };
		5AF9F6722345932C001600E1 /* ViewController.swift in Sources */ = {isa = PBXBuildFile; fileRef = 5AF9F6712345932C001600E1 /* ViewController.swift */; };
		5AF9F6752345932C001600E1 /* Main.storyboard in Resources */ = {isa = PBXBuildFile; fileRef = 5AF9F6732345932C001600E1 /* Main.storyboard */; };
		5AF9F6772345932E001600E1 /* Assets.xcassets in Resources */ = {isa = PBXBuildFile; fileRef = 5AF9F6762345932E001600E1 /* Assets.xcassets */; };
		5AF9F67A2345932E001600E1 /* LaunchScreen.storyboard in Resources */ = {isa = PBXBuildFile; fileRef = 5AF9F6782345932E001600E1 /* LaunchScreen.storyboard */; };
		5AF9F6A623462B71001600E1 /* SimpleStorage.json in Resources */ = {isa = PBXBuildFile; fileRef = 5AF9F6A523462B71001600E1 /* SimpleStorage.json */; };
		C4D2142E79DDA697B9607269 /* Pods_DappsSwift.framework in Frameworks */ = {isa = PBXBuildFile; fileRef = 7B1232C570F9F3091C64F110 /* Pods_DappsSwift.framework */; };
/* End PBXBuildFile section */

/* Begin PBXFileReference section */
		5AF9F66A2345932C001600E1 /* DappsSwift.app */ = {isa = PBXFileReference; explicitFileType = wrapper.application; includeInIndex = 0; path = DappsSwift.app; sourceTree = BUILT_PRODUCTS_DIR; };
		5AF9F66D2345932C001600E1 /* AppDelegate.swift */ = {isa = PBXFileReference; lastKnownFileType = sourcecode.swift; path = AppDelegate.swift; sourceTree = "<group>"; };
		5AF9F66F2345932C001600E1 /* SceneDelegate.swift */ = {isa = PBXFileReference; lastKnownFileType = sourcecode.swift; path = SceneDelegate.swift; sourceTree = "<group>"; };
		5AF9F6712345932C001600E1 /* ViewController.swift */ = {isa = PBXFileReference; lastKnownFileType = sourcecode.swift; path = ViewController.swift; sourceTree = "<group>"; };
		5AF9F6742345932C001600E1 /* Base */ = {isa = PBXFileReference; lastKnownFileType = file.storyboard; name = Base; path = Base.lproj/Main.storyboard; sourceTree = "<group>"; };
		5AF9F6762345932E001600E1 /* Assets.xcassets */ = {isa = PBXFileReference; lastKnownFileType = folder.assetcatalog; path = Assets.xcassets; sourceTree = "<group>"; };
		5AF9F6792345932E001600E1 /* Base */ = {isa = PBXFileReference; lastKnownFileType = file.storyboard; name = Base; path = Base.lproj/LaunchScreen.storyboard; sourceTree = "<group>"; };
		5AF9F67B2345932E001600E1 /* Info.plist */ = {isa = PBXFileReference; lastKnownFileType = text.plist.xml; path = Info.plist; sourceTree = "<group>"; };
		5AF9F6A523462B71001600E1 /* SimpleStorage.json */ = {isa = PBXFileReference; fileEncoding = 4; lastKnownFileType = text.json; name = SimpleStorage.json; path = truffle/build/contracts/SimpleStorage.json; sourceTree = SOURCE_ROOT; };
		7B1232C570F9F3091C64F110 /* Pods_DappsSwift.framework */ = {isa = PBXFileReference; explicitFileType = wrapper.framework; includeInIndex = 0; path = Pods_DappsSwift.framework; sourceTree = BUILT_PRODUCTS_DIR; };
		8879B275DEB37DD665CFF2F3 /* Pods-DappsSwift.debug.xcconfig */ = {isa = PBXFileReference; includeInIndex = 1; lastKnownFileType = text.xcconfig; name = "Pods-DappsSwift.debug.xcconfig"; path = "Target Support Files/Pods-DappsSwift/Pods-DappsSwift.debug.xcconfig"; sourceTree = "<group>"; };
		DBA44C0318560F9CEE9AE1EA /* Pods-DappsSwift.release.xcconfig */ = {isa = PBXFileReference; includeInIndex = 1; lastKnownFileType = text.xcconfig; name = "Pods-DappsSwift.release.xcconfig"; path = "Target Support Files/Pods-DappsSwift/Pods-DappsSwift.release.xcconfig"; sourceTree = "<group>"; };
/* End PBXFileReference section */

/* Begin PBXFrameworksBuildPhase section */
		5AF9F6672345932C001600E1 /* Frameworks */ = {
			isa = PBXFrameworksBuildPhase;
			buildActionMask = 2147483647;
			files = (
				C4D2142E79DDA697B9607269 /* Pods_DappsSwift.framework in Frameworks */,
			);
			runOnlyForDeploymentPostprocessing = 0;
		};
/* End PBXFrameworksBuildPhase section */

/* Begin PBXGroup section */
		30671598CCD9D150CBACAEAA /* Pods */ = {
			isa = PBXGroup;
			children = (
				8879B275DEB37DD665CFF2F3 /* Pods-DappsSwift.debug.xcconfig */,
				DBA44C0318560F9CEE9AE1EA /* Pods-DappsSwift.release.xcconfig */,
			);
			path = Pods;
			sourceTree = "<group>";
		};
		5256207E1F19151ACC7CF18B /* Frameworks */ = {
			isa = PBXGroup;
			children = (
				7B1232C570F9F3091C64F110 /* Pods_DappsSwift.framework */,
			);
			name = Frameworks;
			sourceTree = "<group>";
		};
		5AF9F6612345932C001600E1 = {
			isa = PBXGroup;
			children = (
				5AF9F66C2345932C001600E1 /* DappsSwift */,
				5AF9F66B2345932C001600E1 /* Products */,
				30671598CCD9D150CBACAEAA /* Pods */,
				5256207E1F19151ACC7CF18B /* Frameworks */,
			);
			sourceTree = "<group>";
		};
		5AF9F66B2345932C001600E1 /* Products */ = {
			isa = PBXGroup;
			children = (
				5AF9F66A2345932C001600E1 /* DappsSwift.app */,
			);
			name = Products;
			sourceTree = "<group>";
		};
		5AF9F66C2345932C001600E1 /* DappsSwift */ = {
			isa = PBXGroup;
			children = (
				5AF9F6A523462B71001600E1 /* SimpleStorage.json */,
				5AF9F66D2345932C001600E1 /* AppDelegate.swift */,
				5AF9F66F2345932C001600E1 /* SceneDelegate.swift */,
				5AF9F6712345932C001600E1 /* ViewController.swift */,
				5AF9F6732345932C001600E1 /* Main.storyboard */,
				5AF9F6762345932E001600E1 /* Assets.xcassets */,
				5AF9F6782345932E001600E1 /* LaunchScreen.storyboard */,
				5AF9F67B2345932E001600E1 /* Info.plist */,
			);
			path = DappsSwift;
			sourceTree = "<group>";
		};
/* End PBXGroup section */

/* Begin PBXNativeTarget section */
		5AF9F6692345932C001600E1 /* DappsSwift */ = {
			isa = PBXNativeTarget;
			buildConfigurationList = 5AF9F67E2345932E001600E1 /* Build configuration list for PBXNativeTarget "DappsSwift" */;
			buildPhases = (
				4CFDD378FBC1D3A798644E64 /* [CP] Check Pods Manifest.lock */,
				5AF9F6662345932C001600E1 /* Sources */,
				5AF9F6672345932C001600E1 /* Frameworks */,
				5AF9F6682345932C001600E1 /* Resources */,
				5DDB60167297F4F7A956E9B8 /* [CP] Embed Pods Frameworks */,
			);
			buildRules = (
			);
			dependencies = (
			);
			name = DappsSwift;
			productName = DappsSwift;
			productReference = 5AF9F66A2345932C001600E1 /* DappsSwift.app */;
			productType = "com.apple.product-type.application";
		};
/* End PBXNativeTarget section */

/* Begin PBXProject section */
		5AF9F6622345932C001600E1 /* Project object */ = {
			isa = PBXProject;
			attributes = {
				LastSwiftUpdateCheck = 1100;
				LastUpgradeCheck = 1100;
				ORGANIZATIONNAME = "Michael Laurents";
				TargetAttributes = {
					5AF9F6692345932C001600E1 = {
						CreatedOnToolsVersion = 11.0;
					};
				};
			};
			buildConfigurationList = 5AF9F6652345932C001600E1 /* Build configuration list for PBXProject "DappsSwift" */;
			compatibilityVersion = "Xcode 9.3";
			developmentRegion = en;
			hasScannedForEncodings = 0;
			knownRegions = (
				en,
				Base,
			);
			mainGroup = 5AF9F6612345932C001600E1;
			productRefGroup = 5AF9F66B2345932C001600E1 /* Products */;
			projectDirPath = "";
			projectRoot = "";
			targets = (
				5AF9F6692345932C001600E1 /* DappsSwift */,
			);
		};
/* End PBXProject section */

/* Begin PBXResourcesBuildPhase section */
		5AF9F6682345932C001600E1 /* Resources */ = {
			isa = PBXResourcesBuildPhase;
			buildActionMask = 2147483647;
			files = (
				5AF9F67A2345932E001600E1 /* LaunchScreen.storyboard in Resources */,
				5AF9F6A623462B71001600E1 /* SimpleStorage.json in Resources */,
				5AF9F6772345932E001600E1 /* Assets.xcassets in Resources */,
				5AF9F6752345932C001600E1 /* Main.storyboard in Resources */,
			);
			runOnlyForDeploymentPostprocessing = 0;
		};
/* End PBXResourcesBuildPhase section */

/* Begin PBXShellScriptBuildPhase section */
		4CFDD378FBC1D3A798644E64 /* [CP] Check Pods Manifest.lock */ = {
			isa = PBXShellScriptBuildPhase;
			buildActionMask = 2147483647;
			files = (
			);
			inputFileListPaths = (
			);
			inputPaths = (
				"${PODS_PODFILE_DIR_PATH}/Podfile.lock",
				"${PODS_ROOT}/Manifest.lock",
			);
			name = "[CP] Check Pods Manifest.lock";
			outputFileListPaths = (
			);
			outputPaths = (
				"$(DERIVED_FILE_DIR)/Pods-DappsSwift-checkManifestLockResult.txt",
			);
			runOnlyForDeploymentPostprocessing = 0;
			shellPath = /bin/sh;
			shellScript = "diff \"${PODS_PODFILE_DIR_PATH}/Podfile.lock\" \"${PODS_ROOT}/Manifest.lock\" > /dev/null\nif [ $? != 0 ] ; then\n    # print error to STDERR\n    echo \"error: The sandbox is not in sync with the Podfile.lock. Run 'pod install' or update your CocoaPods installation.\" >&2\n    exit 1\nfi\n# This output is used by Xcode 'outputs' to avoid re-running this script phase.\necho \"SUCCESS\" > \"${SCRIPT_OUTPUT_FILE_0}\"\n";
			showEnvVarsInLog = 0;
		};
		5DDB60167297F4F7A956E9B8 /* [CP] Embed Pods Frameworks */ = {
			isa = PBXShellScriptBuildPhase;
			buildActionMask = 2147483647;
			files = (
			);
			inputFileListPaths = (
			);
			inputPaths = (
				"${PODS_ROOT}/Target Support Files/Pods-DappsSwift/Pods-DappsSwift-frameworks.sh",
				"${BUILT_PRODUCTS_DIR}/BigInt/BigInt.framework",
				"${BUILT_PRODUCTS_DIR}/PromiseKit/PromiseKit.framework",
				"${BUILT_PRODUCTS_DIR}/SipHash/SipHash.framework",
				"${BUILT_PRODUCTS_DIR}/keccak.c/keccak.framework",
				"${BUILT_PRODUCTS_DIR}/scrypt.c/scrypt.framework",
				"${BUILT_PRODUCTS_DIR}/secp256k1.c/secp256k1.framework",
				"${BUILT_PRODUCTS_DIR}/web3swift.pod/web3swift.framework",
			);
			name = "[CP] Embed Pods Frameworks";
			outputFileListPaths = (
			);
			outputPaths = (
				"${TARGET_BUILD_DIR}/${FRAMEWORKS_FOLDER_PATH}/BigInt.framework",
				"${TARGET_BUILD_DIR}/${FRAMEWORKS_FOLDER_PATH}/PromiseKit.framework",
				"${TARGET_BUILD_DIR}/${FRAMEWORKS_FOLDER_PATH}/SipHash.framework",
				"${TARGET_BUILD_DIR}/${FRAMEWORKS_FOLDER_PATH}/keccak.framework",
				"${TARGET_BUILD_DIR}/${FRAMEWORKS_FOLDER_PATH}/scrypt.framework",
				"${TARGET_BUILD_DIR}/${FRAMEWORKS_FOLDER_PATH}/secp256k1.framework",
				"${TARGET_BUILD_DIR}/${FRAMEWORKS_FOLDER_PATH}/web3swift.framework",
			);
			runOnlyForDeploymentPostprocessing = 0;
			shellPath = /bin/sh;
			shellScript = "\"${PODS_ROOT}/Target Support Files/Pods-DappsSwift/Pods-DappsSwift-frameworks.sh\"\n";
			showEnvVarsInLog = 0;
		};
/* End PBXShellScriptBuildPhase section */

/* Begin PBXSourcesBuildPhase section */
		5AF9F6662345932C001600E1 /* Sources */ = {
			isa = PBXSourcesBuildPhase;
			buildActionMask = 2147483647;
			files = (
				5AF9F6722345932C001600E1 /* ViewController.swift in Sources */,
				5AF9F66E2345932C001600E1 /* AppDelegate.swift in Sources */,
				5AF9F6702345932C001600E1 /* SceneDelegate.swift in Sources */,
			);
			runOnlyForDeploymentPostprocessing = 0;
		};
/* End PBXSourcesBuildPhase section */

/* Begin PBXVariantGroup section */
		5AF9F6732345932C001600E1 /* Main.storyboard */ = {
			isa = PBXVariantGroup;
			children = (
				5AF9F6742345932C001600E1 /* Base */,
			);
			name = Main.storyboard;
			sourceTree = "<group>";
		};
		5AF9F6782345932E001600E1 /* LaunchScreen.storyboard */ = {
			isa = PBXVariantGroup;
			children = (
				5AF9F6792345932E001600E1 /* Base */,
			);
			name = LaunchScreen.storyboard;
			sourceTree = "<group>";
		};
/* End PBXVariantGroup section */

/* Begin XCBuildConfiguration section */
		5AF9F67C2345932E001600E1 /* Debug */ = {
			isa = XCBuildConfiguration;
			buildSettings = {
				ALWAYS_SEARCH_USER_PATHS = NO;
				CLANG_ANALYZER_NONNULL = YES;
				CLANG_ANALYZER_NUMBER_OBJECT_CONVERSION = YES_AGGRESSIVE;
				CLANG_CXX_LANGUAGE_STANDARD = "gnu++14";
				CLANG_CXX_LIBRARY = "libc++";
				CLANG_ENABLE_MODULES = YES;
				CLANG_ENABLE_OBJC_ARC = YES;
				CLANG_ENABLE_OBJC_WEAK = YES;
				CLANG_WARN_BLOCK_CAPTURE_AUTORELEASING = YES;
				CLANG_WARN_BOOL_CONVERSION = YES;
				CLANG_WARN_COMMA = YES;
				CLANG_WARN_CONSTANT_CONVERSION = YES;
				CLANG_WARN_DEPRECATED_OBJC_IMPLEMENTATIONS = YES;
				CLANG_WARN_DIRECT_OBJC_ISA_USAGE = YES_ERROR;
				CLANG_WARN_DOCUMENTATION_COMMENTS = YES;
				CLANG_WARN_EMPTY_BODY = YES;
				CLANG_WARN_ENUM_CONVERSION = YES;
				CLANG_WARN_INFINITE_RECURSION = YES;
				CLANG_WARN_INT_CONVERSION = YES;
				CLANG_WARN_NON_LITERAL_NULL_CONVERSION = YES;
				CLANG_WARN_OBJC_IMPLICIT_RETAIN_SELF = YES;
				CLANG_WARN_OBJC_LITERAL_CONVERSION = YES;
				CLANG_WARN_OBJC_ROOT_CLASS = YES_ERROR;
				CLANG_WARN_RANGE_LOOP_ANALYSIS = YES;
				CLANG_WARN_STRICT_PROTOTYPES = YES;
				CLANG_WARN_SUSPICIOUS_MOVE = YES;
				CLANG_WARN_UNGUARDED_AVAILABILITY = YES_AGGRESSIVE;
				CLANG_WARN_UNREACHABLE_CODE = YES;
				CLANG_WARN__DUPLICATE_METHOD_MATCH = YES;
				COPY_PHASE_STRIP = NO;
				DEBUG_INFORMATION_FORMAT = dwarf;
				ENABLE_STRICT_OBJC_MSGSEND = YES;
				ENABLE_TESTABILITY = YES;
				GCC_C_LANGUAGE_STANDARD = gnu11;
				GCC_DYNAMIC_NO_PIC = NO;
				GCC_NO_COMMON_BLOCKS = YES;
				GCC_OPTIMIZATION_LEVEL = 0;
				GCC_PREPROCESSOR_DEFINITIONS = (
					"DEBUG=1",
					"$(inherited)",
				);
				GCC_WARN_64_TO_32_BIT_CONVERSION = YES;
				GCC_WARN_ABOUT_RETURN_TYPE = YES_ERROR;
				GCC_WARN_UNDECLARED_SELECTOR = YES;
				GCC_WARN_UNINITIALIZED_AUTOS = YES_AGGRESSIVE;
				GCC_WARN_UNUSED_FUNCTION = YES;
				GCC_WARN_UNUSED_VARIABLE = YES;
				IPHONEOS_DEPLOYMENT_TARGET = 13.0;
				MTL_ENABLE_DEBUG_INFO = INCLUDE_SOURCE;
				MTL_FAST_MATH = YES;
				ONLY_ACTIVE_ARCH = YES;
				SDKROOT = iphoneos;
				SWIFT_ACTIVE_COMPILATION_CONDITIONS = DEBUG;
				SWIFT_OPTIMIZATION_LEVEL = "-Onone";
			};
			name = Debug;
		};
		5AF9F67D2345932E001600E1 /* Release */ = {
			isa = XCBuildConfiguration;
			buildSettings = {
				ALWAYS_SEARCH_USER_PATHS = NO;
				CLANG_ANALYZER_NONNULL = YES;
				CLANG_ANALYZER_NUMBER_OBJECT_CONVERSION = YES_AGGRESSIVE;
				CLANG_CXX_LANGUAGE_STANDARD = "gnu++14";
				CLANG_CXX_LIBRARY = "libc++";
				CLANG_ENABLE_MODULES = YES;
				CLANG_ENABLE_OBJC_ARC = YES;
				CLANG_ENABLE_OBJC_WEAK = YES;
				CLANG_WARN_BLOCK_CAPTURE_AUTORELEASING = YES;
				CLANG_WARN_BOOL_CONVERSION = YES;
				CLANG_WARN_COMMA = YES;
				CLANG_WARN_CONSTANT_CONVERSION = YES;
				CLANG_WARN_DEPRECATED_OBJC_IMPLEMENTATIONS = YES;
				CLANG_WARN_DIRECT_OBJC_ISA_USAGE = YES_ERROR;
				CLANG_WARN_DOCUMENTATION_COMMENTS = YES;
				CLANG_WARN_EMPTY_BODY = YES;
				CLANG_WARN_ENUM_CONVERSION = YES;
				CLANG_WARN_INFINITE_RECURSION = YES;
				CLANG_WARN_INT_CONVERSION = YES;
				CLANG_WARN_NON_LITERAL_NULL_CONVERSION = YES;
				CLANG_WARN_OBJC_IMPLICIT_RETAIN_SELF = YES;
				CLANG_WARN_OBJC_LITERAL_CONVERSION = YES;
				CLANG_WARN_OBJC_ROOT_CLASS = YES_ERROR;
				CLANG_WARN_RANGE_LOOP_ANALYSIS = YES;
				CLANG_WARN_STRICT_PROTOTYPES = YES;
				CLANG_WARN_SUSPICIOUS_MOVE = YES;
				CLANG_WARN_UNGUARDED_AVAILABILITY = YES_AGGRESSIVE;
				CLANG_WARN_UNREACHABLE_CODE = YES;
				CLANG_WARN__DUPLICATE_METHOD_MATCH = YES;
				COPY_PHASE_STRIP = NO;
				DEBUG_INFORMATION_FORMAT = "dwarf-with-dsym";
				ENABLE_NS_ASSERTIONS = NO;
				ENABLE_STRICT_OBJC_MSGSEND = YES;
				GCC_C_LANGUAGE_STANDARD = gnu11;
				GCC_NO_COMMON_BLOCKS = YES;
				GCC_WARN_64_TO_32_BIT_CONVERSION = YES;
				GCC_WARN_ABOUT_RETURN_TYPE = YES_ERROR;
				GCC_WARN_UNDECLARED_SELECTOR = YES;
				GCC_WARN_UNINITIALIZED_AUTOS = YES_AGGRESSIVE;
				GCC_WARN_UNUSED_FUNCTION = YES;
				GCC_WARN_UNUSED_VARIABLE = YES;
				IPHONEOS_DEPLOYMENT_TARGET = 13.0;
				MTL_ENABLE_DEBUG_INFO = NO;
				MTL_FAST_MATH = YES;
				SDKROOT = iphoneos;
				SWIFT_COMPILATION_MODE = wholemodule;
				SWIFT_OPTIMIZATION_LEVEL = "-O";
				VALIDATE_PRODUCT = YES;
			};
			name = Release;
		};
		5AF9F67F2345932E001600E1 /* Debug */ = {
			isa = XCBuildConfiguration;
			baseConfigurationReference = 8879B275DEB37DD665CFF2F3 /* Pods-DappsSwift.debug.xcconfig */;
			buildSettings = {
				ASSETCATALOG_COMPILER_APPICON_NAME = AppIcon;
				CODE_SIGN_STYLE = Automatic;
				DEVELOPMENT_TEAM = 4S6Q6TZPQZ;
				INFOPLIST_FILE = DappsSwift/Info.plist;
				LD_RUNPATH_SEARCH_PATHS = (
					"$(inherited)",
					"@executable_path/Frameworks",
				);
				PRODUCT_BUNDLE_IDENTIFIER = com.michael.DappsSwift;
				PRODUCT_NAME = "$(TARGET_NAME)";
				SWIFT_VERSION = 5.0;
				TARGETED_DEVICE_FAMILY = "1,2";
			};
			name = Debug;
		};
		5AF9F6802345932E001600E1 /* Release */ = {
			isa = XCBuildConfiguration;
			baseConfigurationReference = DBA44C0318560F9CEE9AE1EA /* Pods-DappsSwift.release.xcconfig */;
			buildSettings = {
				ASSETCATALOG_COMPILER_APPICON_NAME = AppIcon;
				CODE_SIGN_STYLE = Automatic;
				DEVELOPMENT_TEAM = 4S6Q6TZPQZ;
				INFOPLIST_FILE = DappsSwift/Info.plist;
				LD_RUNPATH_SEARCH_PATHS = (
					"$(inherited)",
					"@executable_path/Frameworks",
				);
				PRODUCT_BUNDLE_IDENTIFIER = com.michael.DappsSwift;
				PRODUCT_NAME = "$(TARGET_NAME)";
				SWIFT_VERSION = 5.0;
				TARGETED_DEVICE_FAMILY = "1,2";
			};
			name = Release;
		};
/* End XCBuildConfiguration section */

/* Begin XCConfigurationList section */
		5AF9F6652345932C001600E1 /* Build configuration list for PBXProject "DappsSwift" */ = {
			isa = XCConfigurationList;
			buildConfigurations = (
				5AF9F67C2345932E001600E1 /* Debug */,
				5AF9F67D2345932E001600E1 /* Release */,
			);
			defaultConfigurationIsVisible = 0;
			defaultConfigurationName = Release;
		};
		5AF9F67E2345932E001600E1 /* Build configuration list for PBXNativeTarget "DappsSwift" */ = {
			isa = XCConfigurationList;
			buildConfigurations = (
				5AF9F67F2345932E001600E1 /* Debug */,
				5AF9F6802345932E001600E1 /* Release */,
			);
			defaultConfigurationIsVisible = 0;
			defaultConfigurationName = Release;
		};
/* End XCConfigurationList section */
	};
	rootObject = 5AF9F6622345932C001600E1 /* Project object */;
}
